
Microsoft Visual Studio Solution File, Format Version 12.00
Project("{FAE04EC0-301F-11D3-BF4B-00C04F79EFBC}") = "IngServer", "IngServer\IngServer.csproj", "{A76AF07F-B3B5-4E2A-8303-DA5D5CA3F23E}"
EndProject
Project("{FAE04EC0-301F-11D3-BF4B-00C04F79EFBC}") = "Parcer", "Parcer\Parcer.csproj", "{B86FDB27-D99E-410C-83B2-A8BBF3556FA8}"
EndProject
Global
	GlobalSection(SolutionConfigurationPlatforms) = preSolution
		Debug|Any CPU = Debug|Any CPU
		Release|Any CPU = Release|Any CPU
	EndGlobalSection
	GlobalSection(ProjectConfigurationPlatforms) = postSolution
		{A76AF07F-B3B5-4E2A-8303-DA5D5CA3F23E}.Debug|Any CPU.ActiveCfg = Debug|Any CPU
		{A76AF07F-B3B5-4E2A-8303-DA5D5CA3F23E}.Debug|Any CPU.Build.0 = Debug|Any CPU
		{A76AF07F-B3B5-4E2A-8303-DA5D5CA3F23E}.Release|Any CPU.ActiveCfg = Release|Any CPU
		{A76AF07F-B3B5-4E2A-8303-DA5D5CA3F23E}.Release|Any CPU.Build.0 = Release|Any CPU
		{B86FDB27-D99E-410C-83B2-A8BBF3556FA8}.Debug|Any CPU.ActiveCfg = Debug|Any CPU
		{B86FDB27-D99E-410C-83B2-A8BBF3556FA8}.Debug|Any CPU.Build.0 = Debug|Any CPU
		{B86FDB27-D99E-410C-83B2-A8BBF3556FA8}.Release|Any CPU.ActiveCfg = Release|Any CPU
		{B86FDB27-D99E-410C-83B2-A8BBF3556FA8}.Release|Any CPU.Build.0 = Release|Any CPU
	EndGlobalSection
EndGlobal
